
Microsoft Visual Studio Solution File, Format Version 12.00
# Visual Studio Version 16
VisualStudioVersion = 16.0.31129.286
MinimumVisualStudioVersion = 10.0.40219.1
Project("{9A19103F-16F7-4668-BE54-9A1E7A4F7556}") = "WebApplication1", "WebApplication1\WebApplication1.csproj", "{BC4ED936-D155-4B6B-BD95-4800A2EDBCBA}"
EndProject
Project("{FAE04EC0-301F-11D3-BF4B-00C04F79EFBC}") = "Chapter03", "Chapter03\Chapter03.csproj", "{FA3EF118-C828-4797-A383-7DE99867F6F2}"
EndProject
Global
	GlobalSection(SolutionConfigurationPlatforms) = preSolution
		Debug|Any CPU = Debug|Any CPU
		Release|Any CPU = Release|Any CPU
	EndGlobalSection
	GlobalSection(ProjectConfigurationPlatforms) = postSolution
		{BC4ED936-D155-4B6B-BD95-4800A2EDBCBA}.Debug|Any CPU.ActiveCfg = Debug|Any CPU
		{BC4ED936-D155-4B6B-BD95-4800A2EDBCBA}.Debug|Any CPU.Build.0 = Debug|Any CPU
		{BC4ED936-D155-4B6B-BD95-4800A2EDBCBA}.Release|Any CPU.ActiveCfg = Release|Any CPU
		{BC4ED936-D155-4B6B-BD95-4800A2EDBCBA}.Release|Any CPU.Build.0 = Release|Any CPU
		{FA3EF118-C828-4797-A383-7DE99867F6F2}.Debug|Any CPU.ActiveCfg = Debug|Any CPU
		{FA3EF118-C828-4797-A383-7DE99867F6F2}.Debug|Any CPU.Build.0 = Debug|Any CPU
		{FA3EF118-C828-4797-A383-7DE99867F6F2}.Release|Any CPU.ActiveCfg = Release|Any CPU
		{FA3EF118-C828-4797-A383-7DE99867F6F2}.Release|Any CPU.Build.0 = Release|Any CPU
	EndGlobalSection
	GlobalSection(SolutionProperties) = preSolution
		HideSolutionNode = FALSE
	EndGlobalSection
	GlobalSection(ExtensibilityGlobals) = postSolution
		SolutionGuid = {4DBE579F-A5E0-442D-9F30-01C1095FCBC2}
	EndGlobalSection
EndGlobal
